// !$*UTF8*$!
{
	archiveVersion = 1;
	classes = {
	};
	objectVersion = 56;
	objects = {

/* Begin PBXBuildFile section */
		851B7B482B754B61000B6E70 /* SpotlightView.swift in Sources */ = {isa = PBXBuildFile; fileRef = 851B7B472B754B61000B6E70 /* SpotlightView.swift */; };
		8571D3B52B73ABC700492319 /* SnapKit in Frameworks */ = {isa = PBXBuildFile; productRef = 8571D3B42B73ABC700492319 /* SnapKit */; };
		8571D3B72B73ABC700492319 /* SnapKit-Dynamic in Frameworks */ = {isa = PBXBuildFile; productRef = 8571D3B62B73ABC700492319 /* SnapKit-Dynamic */; };
		8571D3B92B73CF7800492319 /* SpotlightSectionView.swift in Sources */ = {isa = PBXBuildFile; fileRef = 8571D3B82B73CF7800492319 /* SpotlightSectionView.swift */; };
		8571D3BB2B744C7400492319 /* ExtImage.swift in Sources */ = {isa = PBXBuildFile; fileRef = 8571D3BA2B744C7400492319 /* ExtImage.swift */; };
		85A184ED2B7118A0005B5227 /* AppDelegate.swift in Sources */ = {isa = PBXBuildFile; fileRef = 85A184EC2B7118A0005B5227 /* AppDelegate.swift */; };
		85A184EF2B7118A0005B5227 /* SceneDelegate.swift in Sources */ = {isa = PBXBuildFile; fileRef = 85A184EE2B7118A0005B5227 /* SceneDelegate.swift */; };
		85A184F12B7118A0005B5227 /* SpotlightController.swift in Sources */ = {isa = PBXBuildFile; fileRef = 85A184F02B7118A0005B5227 /* SpotlightController.swift */; };
		85A184F42B7118A0005B5227 /* Main.storyboard in Resources */ = {isa = PBXBuildFile; fileRef = 85A184F22B7118A0005B5227 /* Main.storyboard */; };
		85A184F62B7118A0005B5227 /* Assets.xcassets in Resources */ = {isa = PBXBuildFile; fileRef = 85A184F52B7118A0005B5227 /* Assets.xcassets */; };
		85A184F92B7118A0005B5227 /* LaunchScreen.storyboard in Resources */ = {isa = PBXBuildFile; fileRef = 85A184F72B7118A0005B5227 /* LaunchScreen.storyboard */; };
/* End PBXBuildFile section */

/* Begin PBXFileReference section */
		851B7B472B754B61000B6E70 /* SpotlightView.swift */ = {isa = PBXFileReference; lastKnownFileType = sourcecode.swift; path = SpotlightView.swift; sourceTree = "<group>"; };
		8571D3B82B73CF7800492319 /* SpotlightSectionView.swift */ = {isa = PBXFileReference; lastKnownFileType = sourcecode.swift; path = SpotlightSectionView.swift; sourceTree = "<group>"; };
		8571D3BA2B744C7400492319 /* ExtImage.swift */ = {isa = PBXFileReference; lastKnownFileType = sourcecode.swift; path = ExtImage.swift; sourceTree = "<group>"; };
		85A184E92B7118A0005B5227 /* gorilla01.app */ = {isa = PBXFileReference; explicitFileType = wrapper.application; includeInIndex = 0; path = gorilla01.app; sourceTree = BUILT_PRODUCTS_DIR; };
		85A184EC2B7118A0005B5227 /* AppDelegate.swift */ = {isa = PBXFileReference; lastKnownFileType = sourcecode.swift; path = AppDelegate.swift; sourceTree = "<group>"; };
		85A184EE2B7118A0005B5227 /* SceneDelegate.swift */ = {isa = PBXFileReference; lastKnownFileType = sourcecode.swift; path = SceneDelegate.swift; sourceTree = "<group>"; };
		85A184F02B7118A0005B5227 /* SpotlightController.swift */ = {isa = PBXFileReference; lastKnownFileType = sourcecode.swift; path = SpotlightController.swift; sourceTree = "<group>"; };
		85A184F32B7118A0005B5227 /* Base */ = {isa = PBXFileReference; lastKnownFileType = file.storyboard; name = Base; path = Base.lproj/Main.storyboard; sourceTree = "<group>"; };
		85A184F52B7118A0005B5227 /* Assets.xcassets */ = {isa = PBXFileReference; lastKnownFileType = folder.assetcatalog; path = Assets.xcassets; sourceTree = "<group>"; };
		85A184F82B7118A0005B5227 /* Base */ = {isa = PBXFileReference; lastKnownFileType = file.storyboard; name = Base; path = Base.lproj/LaunchScreen.storyboard; sourceTree = "<group>"; };
		85A184FA2B7118A0005B5227 /* Info.plist */ = {isa = PBXFileReference; lastKnownFileType = text.plist.xml; path = Info.plist; sourceTree = "<group>"; };
/* End PBXFileReference section */

/* Begin PBXFrameworksBuildPhase section */
		85A184E62B7118A0005B5227 /* Frameworks */ = {
			isa = PBXFrameworksBuildPhase;
			buildActionMask = 2147483647;
			files = (
				8571D3B52B73ABC700492319 /* SnapKit in Frameworks */,
				8571D3B72B73ABC700492319 /* SnapKit-Dynamic in Frameworks */,
			);
			runOnlyForDeploymentPostprocessing = 0;
		};
/* End PBXFrameworksBuildPhase section */

/* Begin PBXGroup section */
		85A184E02B71189F005B5227 = {
			isa = PBXGroup;
			children = (
				85A184EB2B7118A0005B5227 /* gorilla01 */,
				85A184EA2B7118A0005B5227 /* Products */,
			);
			sourceTree = "<group>";
		};
		85A184EA2B7118A0005B5227 /* Products */ = {
			isa = PBXGroup;
			children = (
				85A184E92B7118A0005B5227 /* gorilla01.app */,
			);
			name = Products;
			sourceTree = "<group>";
		};
		85A184EB2B7118A0005B5227 /* gorilla01 */ = {
			isa = PBXGroup;
			children = (
				85A184EC2B7118A0005B5227 /* AppDelegate.swift */,
				85A184EE2B7118A0005B5227 /* SceneDelegate.swift */,
				85A184F02B7118A0005B5227 /* SpotlightController.swift */,
				851B7B472B754B61000B6E70 /* SpotlightView.swift */,
				8571D3BA2B744C7400492319 /* ExtImage.swift */,
				8571D3B82B73CF7800492319 /* SpotlightSectionView.swift */,
				85A184F22B7118A0005B5227 /* Main.storyboard */,
				85A184F52B7118A0005B5227 /* Assets.xcassets */,
				85A184F72B7118A0005B5227 /* LaunchScreen.storyboard */,
				85A184FA2B7118A0005B5227 /* Info.plist */,
			);
			path = gorilla01;
			sourceTree = "<group>";
		};
/* End PBXGroup section */

/* Begin PBXNativeTarget section */
		85A184E82B7118A0005B5227 /* gorilla01 */ = {
			isa = PBXNativeTarget;
			buildConfigurationList = 85A184FD2B7118A0005B5227 /* Build configuration list for PBXNativeTarget "gorilla01" */;
			buildPhases = (
				85A184E52B7118A0005B5227 /* Sources */,
				85A184E62B7118A0005B5227 /* Frameworks */,
				85A184E72B7118A0005B5227 /* Resources */,
			);
			buildRules = (
			);
			dependencies = (
			);
			name = gorilla01;
			packageProductDependencies = (
				8571D3B42B73ABC700492319 /* SnapKit */,
				8571D3B62B73ABC700492319 /* SnapKit-Dynamic */,
			);
			productName = gorilla01;
			productReference = 85A184E92B7118A0005B5227 /* gorilla01.app */;
			productType = "com.apple.product-type.application";
		};
/* End PBXNativeTarget section */

/* Begin PBXProject section */
		85A184E12B71189F005B5227 /* Project object */ = {
			isa = PBXProject;
			attributes = {
				BuildIndependentTargetsInParallel = 1;
				LastSwiftUpdateCheck = 1510;
				LastUpgradeCheck = 1510;
				TargetAttributes = {
					85A184E82B7118A0005B5227 = {
						CreatedOnToolsVersion = 15.1;
					};
				};
			};
			buildConfigurationList = 85A184E42B71189F005B5227 /* Build configuration list for PBXProject "gorilla01" */;
			compatibilityVersion = "Xcode 14.0";
			developmentRegion = en;
			hasScannedForEncodings = 0;
			knownRegions = (
				en,
				Base,
			);
			mainGroup = 85A184E02B71189F005B5227;
			packageReferences = (
				8571D3B32B73ABC700492319 /* XCRemoteSwiftPackageReference "SnapKit" */,
			);
			productRefGroup = 85A184EA2B7118A0005B5227 /* Products */;
			projectDirPath = "";
			projectRoot = "";
			targets = (
				85A184E82B7118A0005B5227 /* gorilla01 */,
			);
		};
/* End PBXProject section */

/* Begin PBXResourcesBuildPhase section */
		85A184E72B7118A0005B5227 /* Resources */ = {
			isa = PBXResourcesBuildPhase;
			buildActionMask = 2147483647;
			files = (
				85A184F92B7118A0005B5227 /* LaunchScreen.storyboard in Resources */,
				85A184F62B7118A0005B5227 /* Assets.xcassets in Resources */,
				85A184F42B7118A0005B5227 /* Main.storyboard in Resources */,
			);
			runOnlyForDeploymentPostprocessing = 0;
		};
/* End PBXResourcesBuildPhase section */

/* Begin PBXSourcesBuildPhase section */
		85A184E52B7118A0005B5227 /* Sources */ = {
			isa = PBXSourcesBuildPhase;
			buildActionMask = 2147483647;
			files = (
				85A184F12B7118A0005B5227 /* SpotlightController.swift in Sources */,
				85A184ED2B7118A0005B5227 /* AppDelegate.swift in Sources */,
				85A184EF2B7118A0005B5227 /* SceneDelegate.swift in Sources */,
				8571D3BB2B744C7400492319 /* ExtImage.swift in Sources */,
				8571D3B92B73CF7800492319 /* SpotlightSectionView.swift in Sources */,
				851B7B482B754B61000B6E70 /* SpotlightView.swift in Sources */,
			);
			runOnlyForDeploymentPostprocessing = 0;
		};
/* End PBXSourcesBuildPhase section */

/* Begin PBXVariantGroup section */
		85A184F22B7118A0005B5227 /* Main.storyboard */ = {
			isa = PBXVariantGroup;
			children = (
				85A184F32B7118A0005B5227 /* Base */,
			);
			name = Main.storyboard;
			sourceTree = "<group>";
		};
		85A184F72B7118A0005B5227 /* LaunchScreen.storyboard */ = {
			isa = PBXVariantGroup;
			children = (
				85A184F82B7118A0005B5227 /* Base */,
			);
			name = LaunchScreen.storyboard;
			sourceTree = "<group>";
		};
/* End PBXVariantGroup section */

/* Begin XCBuildConfiguration section */
		85A184FB2B7118A0005B5227 /* Debug */ = {
			isa = XCBuildConfiguration;
			buildSettings = {
				ALWAYS_SEARCH_USER_PATHS = NO;
				ASSETCATALOG_COMPILER_GENERATE_SWIFT_ASSET_SYMBOL_EXTENSIONS = YES;
				CLANG_ANALYZER_NONNULL = YES;
				CLANG_ANALYZER_NUMBER_OBJECT_CONVERSION = YES_AGGRESSIVE;
				CLANG_CXX_LANGUAGE_STANDARD = "gnu++20";
				CLANG_ENABLE_MODULES = YES;
				CLANG_ENABLE_OBJC_ARC = YES;
				CLANG_ENABLE_OBJC_WEAK = YES;
				CLANG_WARN_BLOCK_CAPTURE_AUTORELEASING = YES;
				CLANG_WARN_BOOL_CONVERSION = YES;
				CLANG_WARN_COMMA = YES;
				CLANG_WARN_CONSTANT_CONVERSION = YES;
				CLANG_WARN_DEPRECATED_OBJC_IMPLEMENTATIONS = YES;
				CLANG_WARN_DIRECT_OBJC_ISA_USAGE = YES_ERROR;
				CLANG_WARN_DOCUMENTATION_COMMENTS = YES;
				CLANG_WARN_EMPTY_BODY = YES;
				CLANG_WARN_ENUM_CONVERSION = YES;
				CLANG_WARN_INFINITE_RECURSION = YES;
				CLANG_WARN_INT_CONVERSION = YES;
				CLANG_WARN_NON_LITERAL_NULL_CONVERSION = YES;
				CLANG_WARN_OBJC_IMPLICIT_RETAIN_SELF = YES;
				CLANG_WARN_OBJC_LITERAL_CONVERSION = YES;
				CLANG_WARN_OBJC_ROOT_CLASS = YES_ERROR;
				CLANG_WARN_QUOTED_INCLUDE_IN_FRAMEWORK_HEADER = YES;
				CLANG_WARN_RANGE_LOOP_ANALYSIS = YES;
				CLANG_WARN_STRICT_PROTOTYPES = YES;
				CLANG_WARN_SUSPICIOUS_MOVE = YES;
				CLANG_WARN_UNGUARDED_AVAILABILITY = YES_AGGRESSIVE;
				CLANG_WARN_UNREACHABLE_CODE = YES;
				CLANG_WARN__DUPLICATE_METHOD_MATCH = YES;
				COPY_PHASE_STRIP = NO;
				DEBUG_INFORMATION_FORMAT = dwarf;
				ENABLE_STRICT_OBJC_MSGSEND = YES;
				ENABLE_TESTABILITY = YES;
				ENABLE_USER_SCRIPT_SANDBOXING = YES;
				GCC_C_LANGUAGE_STANDARD = gnu17;
				GCC_DYNAMIC_NO_PIC = NO;
				GCC_NO_COMMON_BLOCKS = YES;
				GCC_OPTIMIZATION_LEVEL = 0;
				GCC_PREPROCESSOR_DEFINITIONS = (
					"DEBUG=1",
					"$(inherited)",
				);
				GCC_WARN_64_TO_32_BIT_CONVERSION = YES;
				GCC_WARN_ABOUT_RETURN_TYPE = YES_ERROR;
				GCC_WARN_UNDECLARED_SELECTOR = YES;
				GCC_WARN_UNINITIALIZED_AUTOS = YES_AGGRESSIVE;
				GCC_WARN_UNUSED_FUNCTION = YES;
				GCC_WARN_UNUSED_VARIABLE = YES;
				IPHONEOS_DEPLOYMENT_TARGET = 17.2;
				LOCALIZATION_PREFERS_STRING_CATALOGS = YES;
				MTL_ENABLE_DEBUG_INFO = INCLUDE_SOURCE;
				MTL_FAST_MATH = YES;
				ONLY_ACTIVE_ARCH = YES;
				SDKROOT = iphoneos;
				SWIFT_ACTIVE_COMPILATION_CONDITIONS = "DEBUG $(inherited)";
				SWIFT_OPTIMIZATION_LEVEL = "-Onone";
			};
			name = Debug;
		};
		85A184FC2B7118A0005B5227 /* Release */ = {
			isa = XCBuildConfiguration;
			buildSettings = {
				ALWAYS_SEARCH_USER_PATHS = NO;
				ASSETCATALOG_COMPILER_GENERATE_SWIFT_ASSET_SYMBOL_EXTENSIONS = YES;
				CLANG_ANALYZER_NONNULL = YES;
				CLANG_ANALYZER_NUMBER_OBJECT_CONVERSION = YES_AGGRESSIVE;
				CLANG_CXX_LANGUAGE_STANDARD = "gnu++20";
				CLANG_ENABLE_MODULES = YES;
				CLANG_ENABLE_OBJC_ARC = YES;
				CLANG_ENABLE_OBJC_WEAK = YES;
				CLANG_WARN_BLOCK_CAPTURE_AUTORELEASING = YES;
				CLANG_WARN_BOOL_CONVERSION = YES;
				CLANG_WARN_COMMA = YES;
				CLANG_WARN_CONSTANT_CONVERSION = YES;
				CLANG_WARN_DEPRECATED_OBJC_IMPLEMENTATIONS = YES;
				CLANG_WARN_DIRECT_OBJC_ISA_USAGE = YES_ERROR;
				CLANG_WARN_DOCUMENTATION_COMMENTS = YES;
				CLANG_WARN_EMPTY_BODY = YES;
				CLANG_WARN_ENUM_CONVERSION = YES;
				CLANG_WARN_INFINITE_RECURSION = YES;
				CLANG_WARN_INT_CONVERSION = YES;
				CLANG_WARN_NON_LITERAL_NULL_CONVERSION = YES;
				CLANG_WARN_OBJC_IMPLICIT_RETAIN_SELF = YES;
				CLANG_WARN_OBJC_LITERAL_CONVERSION = YES;
				CLANG_WARN_OBJC_ROOT_CLASS = YES_ERROR;
				CLANG_WARN_QUOTED_INCLUDE_IN_FRAMEWORK_HEADER = YES;
				CLANG_WARN_RANGE_LOOP_ANALYSIS = YES;
				CLANG_WARN_STRICT_PROTOTYPES = YES;
				CLANG_WARN_SUSPICIOUS_MOVE = YES;
				CLANG_WARN_UNGUARDED_AVAILABILITY = YES_AGGRESSIVE;
				CLANG_WARN_UNREACHABLE_CODE = YES;
				CLANG_WARN__DUPLICATE_METHOD_MATCH = YES;
				COPY_PHASE_STRIP = NO;
				DEBUG_INFORMATION_FORMAT = "dwarf-with-dsym";
				ENABLE_NS_ASSERTIONS = NO;
				ENABLE_STRICT_OBJC_MSGSEND = YES;
				ENABLE_USER_SCRIPT_SANDBOXING = YES;
				GCC_C_LANGUAGE_STANDARD = gnu17;
				GCC_NO_COMMON_BLOCKS = YES;
				GCC_WARN_64_TO_32_BIT_CONVERSION = YES;
				GCC_WARN_ABOUT_RETURN_TYPE = YES_ERROR;
				GCC_WARN_UNDECLARED_SELECTOR = YES;
				GCC_WARN_UNINITIALIZED_AUTOS = YES_AGGRESSIVE;
				GCC_WARN_UNUSED_FUNCTION = YES;
				GCC_WARN_UNUSED_VARIABLE = YES;
				IPHONEOS_DEPLOYMENT_TARGET = 17.2;
				LOCALIZATION_PREFERS_STRING_CATALOGS = YES;
				MTL_ENABLE_DEBUG_INFO = NO;
				MTL_FAST_MATH = YES;
				SDKROOT = iphoneos;
				SWIFT_COMPILATION_MODE = wholemodule;
				VALIDATE_PRODUCT = YES;
			};
			name = Release;
		};
		85A184FE2B7118A0005B5227 /* Debug */ = {
			isa = XCBuildConfiguration;
			buildSettings = {
				ASSETCATALOG_COMPILER_APPICON_NAME = AppIcon;
				ASSETCATALOG_COMPILER_GLOBAL_ACCENT_COLOR_NAME = AccentColor;
				CODE_SIGN_STYLE = Automatic;
				CURRENT_PROJECT_VERSION = 1;
				GENERATE_INFOPLIST_FILE = YES;
				INFOPLIST_FILE = gorilla01/Info.plist;
				INFOPLIST_KEY_UIApplicationSupportsIndirectInputEvents = YES;
				INFOPLIST_KEY_UILaunchStoryboardName = LaunchScreen;
				INFOPLIST_KEY_UIMainStoryboardFile = Main;
				INFOPLIST_KEY_UISupportedInterfaceOrientations_iPad = "UIInterfaceOrientationPortrait UIInterfaceOrientationPortraitUpsideDown UIInterfaceOrientationLandscapeLeft UIInterfaceOrientationLandscapeRight";
				INFOPLIST_KEY_UISupportedInterfaceOrientations_iPhone = "UIInterfaceOrientationPortrait UIInterfaceOrientationLandscapeLeft UIInterfaceOrientationLandscapeRight";
				LD_RUNPATH_SEARCH_PATHS = (
					"$(inherited)",
					"@executable_path/Frameworks",
				);
				MARKETING_VERSION = 1.0;
				PRODUCT_BUNDLE_IDENTIFIER = countzer0.gorilla01;
				PRODUCT_NAME = "$(TARGET_NAME)";
				SWIFT_EMIT_LOC_STRINGS = YES;
				SWIFT_VERSION = 5.0;
				TARGETED_DEVICE_FAMILY = "1,2";
			};
			name = Debug;
		};
		85A184FF2B7118A0005B5227 /* Release */ = {
			isa = XCBuildConfiguration;
			buildSettings = {
				ASSETCATALOG_COMPILER_APPICON_NAME = AppIcon;
				ASSETCATALOG_COMPILER_GLOBAL_ACCENT_COLOR_NAME = AccentColor;
				CODE_SIGN_STYLE = Automatic;
				CURRENT_PROJECT_VERSION = 1;
				GENERATE_INFOPLIST_FILE = YES;
				INFOPLIST_FILE = gorilla01/Info.plist;
				INFOPLIST_KEY_UIApplicationSupportsIndirectInputEvents = YES;
				INFOPLIST_KEY_UILaunchStoryboardName = LaunchScreen;
				INFOPLIST_KEY_UIMainStoryboardFile = Main;
				INFOPLIST_KEY_UISupportedInterfaceOrientations_iPad = "UIInterfaceOrientationPortrait UIInterfaceOrientationPortraitUpsideDown UIInterfaceOrientationLandscapeLeft UIInterfaceOrientationLandscapeRight";
				INFOPLIST_KEY_UISupportedInterfaceOrientations_iPhone = "UIInterfaceOrientationPortrait UIInterfaceOrientationLandscapeLeft UIInterfaceOrientationLandscapeRight";
				LD_RUNPATH_SEARCH_PATHS = (
					"$(inherited)",
					"@executable_path/Frameworks",
				);
				MARKETING_VERSION = 1.0;
				PRODUCT_BUNDLE_IDENTIFIER = countzer0.gorilla01;
				PRODUCT_NAME = "$(TARGET_NAME)";
				SWIFT_EMIT_LOC_STRINGS = YES;
				SWIFT_VERSION = 5.0;
				TARGETED_DEVICE_FAMILY = "1,2";
			};
			name = Release;
		};
/* End XCBuildConfiguration section */

/* Begin XCConfigurationList section */
		85A184E42B71189F005B5227 /* Build configuration list for PBXProject "gorilla01" */ = {
			isa = XCConfigurationList;
			buildConfigurations = (
				85A184FB2B7118A0005B5227 /* Debug */,
				85A184FC2B7118A0005B5227 /* Release */,
			);
			defaultConfigurationIsVisible = 0;
			defaultConfigurationName = Release;
		};
		85A184FD2B7118A0005B5227 /* Build configuration list for PBXNativeTarget "gorilla01" */ = {
			isa = XCConfigurationList;
			buildConfigurations = (
				85A184FE2B7118A0005B5227 /* Debug */,
				85A184FF2B7118A0005B5227 /* Release */,
			);
			defaultConfigurationIsVisible = 0;
			defaultConfigurationName = Release;
		};
/* End XCConfigurationList section */

/* Begin XCRemoteSwiftPackageReference section */
		8571D3B32B73ABC700492319 /* XCRemoteSwiftPackageReference "SnapKit" */ = {
			isa = XCRemoteSwiftPackageReference;
			repositoryURL = "https://github.com/SnapKit/SnapKit.git";
			requirement = {
				kind = upToNextMajorVersion;
				minimumVersion = 5.7.0;
			};
		};
/* End XCRemoteSwiftPackageReference section */

/* Begin XCSwiftPackageProductDependency section */
		8571D3B42B73ABC700492319 /* SnapKit */ = {
			isa = XCSwiftPackageProductDependency;
			package = 8571D3B32B73ABC700492319 /* XCRemoteSwiftPackageReference "SnapKit" */;
			productName = SnapKit;
		};
		8571D3B62B73ABC700492319 /* SnapKit-Dynamic */ = {
			isa = XCSwiftPackageProductDependency;
			package = 8571D3B32B73ABC700492319 /* XCRemoteSwiftPackageReference "SnapKit" */;
			productName = "SnapKit-Dynamic";
		};
/* End XCSwiftPackageProductDependency section */
	};
	rootObject = 85A184E12B71189F005B5227 /* Project object */;
}
